
Microsoft Visual Studio Solution File, Format Version 12.00
# Visual Studio Version 16
VisualStudioVersion = 16.0.30621.155
MinimumVisualStudioVersion = 10.0.40219.1
Project("{FAE04EC0-301F-11D3-BF4B-00C04F79EFBC}") = "Sem1", "Sem1\Sem1.csproj", "{E8B0A8F1-4DFC-4EAE-8EF1-87720922E7FB}"
EndProject
Global
	GlobalSection(SolutionConfigurationPlatforms) = preSolution
		Debug|Any CPU = Debug|Any CPU
		Release|Any CPU = Release|Any CPU
	EndGlobalSection
	GlobalSection(ProjectConfigurationPlatforms) = postSolution
		{E8B0A8F1-4DFC-4EAE-8EF1-87720922E7FB}.Debug|Any CPU.ActiveCfg = Debug|Any CPU
		{E8B0A8F1-4DFC-4EAE-8EF1-87720922E7FB}.Debug|Any CPU.Build.0 = Debug|Any CPU
		{E8B0A8F1-4DFC-4EAE-8EF1-87720922E7FB}.Release|Any CPU.ActiveCfg = Release|Any CPU
		{E8B0A8F1-4DFC-4EAE-8EF1-87720922E7FB}.Release|Any CPU.Build.0 = Release|Any CPU
	EndGlobalSection
	GlobalSection(SolutionProperties) = preSolution
		HideSolutionNode = FALSE
	EndGlobalSection
	GlobalSection(ExtensibilityGlobals) = postSolution
		SolutionGuid = {3C7CEF92-256F-42C0-ADD5-969C8A4F6BE0}
	EndGlobalSection
EndGlobal
